# THIS IS AN AUTOGENERATED FILE. DO NOT EDIT THIS FILE DIRECTLY.
# yarn lockfile v1


"@js-joda/core@3.2.0":
  version "3.2.0"
  resolved "https://registry.yarnpkg.com/@js-joda/core/-/core-3.2.0.tgz#3e61e21b7b2b8a6be746df1335cf91d70db2a273"
  integrity sha512-PMqgJ0sw5B7FKb2d5bWYIoxjri+QlW/Pys7+Rw82jSH0QN3rB05jZ/VrrsUdh1w4+i2kw9JOejXGq/KhDOX7Kg==

"@msgpack/msgpack@^2.8.0":
  version "2.8.0"
  resolved "https://registry.yarnpkg.com/@msgpack/msgpack/-/msgpack-2.8.0.tgz#4210deb771ee3912964f14a15ddfb5ff877e70b9"
  integrity sha512-h9u4u/jiIRKbq25PM+zymTyW6bhTzELvOoUd+AvYriWOAKpLGnIamaET3pnHYoI5iYphAHBI4ayx0MehR+VVPQ==

eventemitter3@^4.0.7:
  version "4.0.7"
  resolved "https://registry.yarnpkg.com/eventemitter3/-/eventemitter3-4.0.7.tgz#2de9b68f6528d5644ef5c59526a1b4a07306169f"
  integrity sha512-8guHBZCwKnFhYdHr2ysuRWErTwhoN2X8XELRlrRwpmfeY2jjuUN4taQMsULKUVo1K4DvZl+0pgfyoysHxvmvEw==

peerjs-js-binarypack@^2.1.0:
  version "2.1.0"
  resolved "https://registry.yarnpkg.com/peerjs-js-binarypack/-/peerjs-js-binarypack-2.1.0.tgz#f0fc822d3cb54ab1022f4bd580308475e8f77b70"
  integrity sha512-YIwCC+pTzp3Bi8jPI9UFKO0t0SLo6xALnHkiNt/iUFmUUZG0fEEmEyFKvjsDKweiFitzHRyhuh6NvyJZ4nNxMg==

peerjs@1.5.5:
  version "1.5.5"
  resolved "https://registry.yarnpkg.com/peerjs/-/peerjs-1.5.5.tgz#71095595151961566688b9b79eafcb0ab93bcfc2"
  integrity sha512-viMUCPDL6CSfOu0ZqVcFqbWRXNHIbv2lPqNbrBIjbFYrflebOjItJ4hPfhjnuUCstqciHVu9vVJ7jFqqKi/EuQ==
  dependencies:
    "@msgpack/msgpack" "^2.8.0"
    eventemitter3 "^4.0.7"
    peerjs-js-binarypack "^2.1.0"
    webrtc-adapter "^9.0.0"

sdp@^3.2.0:
  version "3.2.2"
  resolved "https://registry.yarnpkg.com/sdp/-/sdp-3.2.2.tgz#fdef97433fd61d8950cac8987803a84b11fc0aba"
  integrity sha512-xZocWwfyp4hkbN4hLWxMjmv2Q8aNa9MhmOZ7L9aCZPT+dZsgRr6wZRrSYE3HTdyk/2pZKPSgqI7ns7Een1xMSA==

webrtc-adapter@^9.0.0:
  version "9.0.5"
  resolved "https://registry.yarnpkg.com/webrtc-adapter/-/webrtc-adapter-9.0.5.tgz#fb036c3db06e1a0d86c264da649e130187783b3f"
  integrity sha512-U9vjByy/sK2OMXu5mmfuZFKTMIUQe34c0JXRO+oDrxJTsntdYT2iIFwYMOV7HhMTuktcZLGf2W1N/OcSf9ssWg==
  dependencies:
    sdp "^3.2.0"
